
Microsoft Visual Studio Solution File, Format Version 12.00
# Visual Studio Version 16
VisualStudioVersion = 16.0.28803.452
MinimumVisualStudioVersion = 10.0.40219.1
Project("{8BC9CEB8-8B4A-11D0-8D11-00A0C91BC942}") = "glew", "glew\glew.vcxproj", "{48580411-0A48-46F9-87A6-CF5C9B81D146}"
EndProject
Project("{8BC9CEB8-8B4A-11D0-8D11-00A0C91BC942}") = "zl-lib-gfx", "zl-lib-gfx\zl-lib-gfx.vcxproj", "{15EA6761-E3C5-4035-97EE-4F74A5ACEE96}"
EndProject
Project("{2150E333-8FDC-42A3-9474-1A3956D46DE8}") = "3rd Party", "3rd Party", "{6AE75FFE-B083-43E5-8854-8CC1204083F9}"
EndProject
Project("{2150E333-8FDC-42A3-9474-1A3956D46DE8}") = "Libraries", "Libraries", "{41BA16AA-C9BF-4C2D-A28B-F26AA7C86CE4}"
EndProject
Project("{8BC9CEB8-8B4A-11D0-8D11-00A0C91BC942}") = "zl-lib-vfs", "zl-lib-vfs\zl-lib-vfs.vcxproj", "{1E2D4A61-74EA-46FB-896D-6926DBCA43D0}"
EndProject
Project("{8BC9CEB8-8B4A-11D0-8D11-00A0C91BC942}") = "raylib-mruby", "raylib-mruby\raylib-mruby.vcxproj", "{2AE78477-4F9B-4709-BD24-80B382F0CF5C}"
EndProject
Project("{2150E333-8FDC-42A3-9474-1A3956D46DE8}") = "Host", "Host", "{8323B4BC-11D2-452D-94FF-EC71F5076987}"
EndProject
Project("{8BC9CEB8-8B4A-11D0-8D11-00A0C91BC942}") = "raylib-host", "raylib-host\raylib-host.vcxproj", "{7443F37A-4DB6-48DA-8571-0C5B35916C5A}"
	ProjectSection(ProjectDependencies) = postProject
		{2AE78477-4F9B-4709-BD24-80B382F0CF5C} = {2AE78477-4F9B-4709-BD24-80B382F0CF5C}
		{E89D61AC-55DE-4482-AFD4-DF7242EBC859} = {E89D61AC-55DE-4482-AFD4-DF7242EBC859}
	EndProjectSection
EndProject
Project("{8BC9CEB8-8B4A-11D0-8D11-00A0C91BC942}") = "raylib", "raylib\raylib.vcxproj", "{E89D61AC-55DE-4482-AFD4-DF7242EBC859}"
EndProject
Project("{8BC9CEB8-8B4A-11D0-8D11-00A0C91BC942}") = "lua-lib-5.1", "lua-lib-5.1\lua-lib-5.1.vcxproj", "{B7832896-6893-4EDE-8EEE-4362CB488EE6}"
EndProject
Project("{8BC9CEB8-8B4A-11D0-8D11-00A0C91BC942}") = "zlib", "zlib\zlib.vcxproj", "{E6C55A0C-B5B7-4963-8F77-19F1624B9F47}"
EndProject
Project("{8BC9CEB8-8B4A-11D0-8D11-00A0C91BC942}") = "expat", "expat\expat.vcxproj", "{860D46BC-EC6B-43C3-B335-3479F096FB1B}"
EndProject
Project("{8BC9CEB8-8B4A-11D0-8D11-00A0C91BC942}") = "tinyxml", "tinyxml\tinyxml.vcxproj", "{991EBC54-28FF-44A1-863E-E70617782825}"
EndProject
Project("{8BC9CEB8-8B4A-11D0-8D11-00A0C91BC942}") = "zl-lib-core", "zl-lib-core\zl-lib-core.vcxproj", "{E97A3E3D-01D5-4210-BCA0-A6D816624F1A}"
EndProject
Project("{8BC9CEB8-8B4A-11D0-8D11-00A0C91BC942}") = "tlsf", "tlsf\tlsf.vcxproj", "{1E78302D-CF63-4922-8113-DCCD24F94087}"
EndProject
Project("{8BC9CEB8-8B4A-11D0-8D11-00A0C91BC942}") = "moai-lib-core", "moai-lib-core\moai-lib-core.vcxproj", "{AA2BD0BE-D174-4F8F-A7F7-B924128FED00}"
EndProject
Project("{8BC9CEB8-8B4A-11D0-8D11-00A0C91BC942}") = "jansson", "jansson\jansson.vcxproj", "{52496C82-2EDB-4649-8509-451891F6A3DE}"
EndProject
Project("{8BC9CEB8-8B4A-11D0-8D11-00A0C91BC942}") = "mrubybind", "mrubybind\mrubybind.vcxproj", "{87A3DC96-5B69-4594-A7F8-583B94676448}"
EndProject
Project("{8BC9CEB8-8B4A-11D0-8D11-00A0C91BC942}") = "moai-lib-sim", "moai-lib-sim\moai-engine.vcxproj", "{FA856173-3823-4FFF-8207-32DB9C1711FA}"
EndProject
Project("{8BC9CEB8-8B4A-11D0-8D11-00A0C91BC942}") = "moai-lib-util", "moai-lib-util\moai-lib-util.vcxproj", "{9CF1DC0D-A3C1-45C2-98EC-F4F30B6BB49D}"
EndProject
Project("{8BC9CEB8-8B4A-11D0-8D11-00A0C91BC942}") = "contrib", "contrib\contrib.vcxproj", "{562B9EEF-2A2E-46E1-8A28-550C86CDF9F6}"
EndProject
Project("{8BC9CEB8-8B4A-11D0-8D11-00A0C91BC942}") = "freetype", "freetype\freetype.vcxproj", "{97D147F3-4DBC-45CD-87EB-6C90EB6EFE21}"
EndProject
Project("{8BC9CEB8-8B4A-11D0-8D11-00A0C91BC942}") = "sdl", "sdl\sdl.vcxproj", "{AD871809-7119-436F-A8AA-2EAF63B35A3C}"
EndProject
Project("{8BC9CEB8-8B4A-11D0-8D11-00A0C91BC942}") = "moai", "moai-exe\moai-exe.vcxproj.vcxproj", "{1AA5B221-FF0B-43F4-87F0-4848320FF179}"
	ProjectSection(ProjectDependencies) = postProject
		{AD871809-7119-436F-A8AA-2EAF63B35A3C} = {AD871809-7119-436F-A8AA-2EAF63B35A3C}
		{9CF1DC0D-A3C1-45C2-98EC-F4F30B6BB49D} = {9CF1DC0D-A3C1-45C2-98EC-F4F30B6BB49D}
		{48580411-0A48-46F9-87A6-CF5C9B81D146} = {48580411-0A48-46F9-87A6-CF5C9B81D146}
		{BAAF0611-4BA9-4BDD-9D83-822F3B23ABA3} = {BAAF0611-4BA9-4BDD-9D83-822F3B23ABA3}
		{AB0DD232-1AF9-4B16-A0F2-5EBF32250F6B} = {AB0DD232-1AF9-4B16-A0F2-5EBF32250F6B}
		{FA856173-3823-4FFF-8207-32DB9C1711FA} = {FA856173-3823-4FFF-8207-32DB9C1711FA}
		{C699BB79-8F3F-48A3-A06A-2D4E0EA73360} = {C699BB79-8F3F-48A3-A06A-2D4E0EA73360}
		{3986E679-6E11-4B7A-A00D-9669DEDBBC1E} = {3986E679-6E11-4B7A-A00D-9669DEDBBC1E}
		{E4BFD291-B8CF-4D71-9E86-658CD227428D} = {E4BFD291-B8CF-4D71-9E86-658CD227428D}
		{76508AAD-7030-4FD2-9D05-99184AF2BAF5} = {76508AAD-7030-4FD2-9D05-99184AF2BAF5}
		{6DE5E8C5-E477-4CEE-8824-73E3C3C483DE} = {6DE5E8C5-E477-4CEE-8824-73E3C3C483DE}
		{DCF29CD5-AFDE-4C7A-9BED-0679D09EAA9D} = {DCF29CD5-AFDE-4C7A-9BED-0679D09EAA9D}
		{CBD64DDC-70CE-470B-B5ED-E12B59196EE7} = {CBD64DDC-70CE-470B-B5ED-E12B59196EE7}
		{562B9EEF-2A2E-46E1-8A28-550C86CDF9F6} = {562B9EEF-2A2E-46E1-8A28-550C86CDF9F6}
		{97D147F3-4DBC-45CD-87EB-6C90EB6EFE21} = {97D147F3-4DBC-45CD-87EB-6C90EB6EFE21}
	EndProjectSection
EndProject
Project("{8BC9CEB8-8B4A-11D0-8D11-00A0C91BC942}") = "libpng", "libpng\libpng.vcxproj", "{E4BFD291-B8CF-4D71-9E86-658CD227428D}"
EndProject
Project("{8BC9CEB8-8B4A-11D0-8D11-00A0C91BC942}") = "moai-lib-image-png", "moai-lib-image-png\moai-lib-image-png.vcxproj", "{DCF29CD5-AFDE-4C7A-9BED-0679D09EAA9D}"
	ProjectSection(ProjectDependencies) = postProject
		{E4BFD291-B8CF-4D71-9E86-658CD227428D} = {E4BFD291-B8CF-4D71-9E86-658CD227428D}
	EndProjectSection
EndProject
Project("{8BC9CEB8-8B4A-11D0-8D11-00A0C91BC942}") = "untz", "untz\untz.vcxproj", "{76508AAD-7030-4FD2-9D05-99184AF2BAF5}"
EndProject
Project("{8BC9CEB8-8B4A-11D0-8D11-00A0C91BC942}") = "moai-lib-untz", "moai-lib-untz\moai-lib-untz.vcxproj", "{C699BB79-8F3F-48A3-A06A-2D4E0EA73360}"
EndProject
Project("{8BC9CEB8-8B4A-11D0-8D11-00A0C91BC942}") = "libogg", "libogg\libogg.vcxproj", "{3986E679-6E11-4B7A-A00D-9669DEDBBC1E}"
EndProject
Project("{8BC9CEB8-8B4A-11D0-8D11-00A0C91BC942}") = "libvorbis", "libvorbis\libvorbis.vcxproj", "{CBD64DDC-70CE-470B-B5ED-E12B59196EE7}"
EndProject
Project("{8BC9CEB8-8B4A-11D0-8D11-00A0C91BC942}") = "box2d", "box2d\box2d.vcxproj", "{AB0DD232-1AF9-4B16-A0F2-5EBF32250F6B}"
EndProject
Project("{8BC9CEB8-8B4A-11D0-8D11-00A0C91BC942}") = "moai-lib-box2d", "moai-lib-box2d\moai-lib-box2d.vcxproj", "{BAAF0611-4BA9-4BDD-9D83-822F3B23ABA3}"
EndProject
Project("{8BC9CEB8-8B4A-11D0-8D11-00A0C91BC942}") = "libtess", "libtess\libtess.vcxproj", "{6DE5E8C5-E477-4CEE-8824-73E3C3C483DE}"
EndProject
Global
	GlobalSection(SolutionConfigurationPlatforms) = preSolution
		Debug.DLL|x64 = Debug.DLL|x64
		Debug.DLL|x86 = Debug.DLL|x86
		Debug|x64 = Debug|x64
		Debug|x86 = Debug|x86
		Release.DLL|x64 = Release.DLL|x64
		Release.DLL|x86 = Release.DLL|x86
		Release|x64 = Release|x64
		Release|x86 = Release|x86
	EndGlobalSection
	GlobalSection(ProjectConfigurationPlatforms) = postSolution
		{48580411-0A48-46F9-87A6-CF5C9B81D146}.Debug.DLL|x64.ActiveCfg = Debug|x64
		{48580411-0A48-46F9-87A6-CF5C9B81D146}.Debug.DLL|x64.Build.0 = Debug|x64
		{48580411-0A48-46F9-87A6-CF5C9B81D146}.Debug.DLL|x86.ActiveCfg = Debug|Win32
		{48580411-0A48-46F9-87A6-CF5C9B81D146}.Debug.DLL|x86.Build.0 = Debug|Win32
		{48580411-0A48-46F9-87A6-CF5C9B81D146}.Debug|x64.ActiveCfg = Debug|x64
		{48580411-0A48-46F9-87A6-CF5C9B81D146}.Debug|x64.Build.0 = Debug|x64
		{48580411-0A48-46F9-87A6-CF5C9B81D146}.Debug|x86.ActiveCfg = Debug|Win32
		{48580411-0A48-46F9-87A6-CF5C9B81D146}.Debug|x86.Build.0 = Debug|Win32
		{48580411-0A48-46F9-87A6-CF5C9B81D146}.Release.DLL|x64.ActiveCfg = Release|x64
		{48580411-0A48-46F9-87A6-CF5C9B81D146}.Release.DLL|x64.Build.0 = Release|x64
		{48580411-0A48-46F9-87A6-CF5C9B81D146}.Release.DLL|x86.ActiveCfg = Release|Win32
		{48580411-0A48-46F9-87A6-CF5C9B81D146}.Release.DLL|x86.Build.0 = Release|Win32
		{48580411-0A48-46F9-87A6-CF5C9B81D146}.Release|x64.ActiveCfg = Release|x64
		{48580411-0A48-46F9-87A6-CF5C9B81D146}.Release|x64.Build.0 = Release|x64
		{48580411-0A48-46F9-87A6-CF5C9B81D146}.Release|x86.ActiveCfg = Release|Win32
		{48580411-0A48-46F9-87A6-CF5C9B81D146}.Release|x86.Build.0 = Release|Win32
		{15EA6761-E3C5-4035-97EE-4F74A5ACEE96}.Debug.DLL|x64.ActiveCfg = Debug|x64
		{15EA6761-E3C5-4035-97EE-4F74A5ACEE96}.Debug.DLL|x64.Build.0 = Debug|x64
		{15EA6761-E3C5-4035-97EE-4F74A5ACEE96}.Debug.DLL|x86.ActiveCfg = Debug|Win32
		{15EA6761-E3C5-4035-97EE-4F74A5ACEE96}.Debug.DLL|x86.Build.0 = Debug|Win32
		{15EA6761-E3C5-4035-97EE-4F74A5ACEE96}.Debug|x64.ActiveCfg = Debug|x64
		{15EA6761-E3C5-4035-97EE-4F74A5ACEE96}.Debug|x64.Build.0 = Debug|x64
		{15EA6761-E3C5-4035-97EE-4F74A5ACEE96}.Debug|x86.ActiveCfg = Debug|Win32
		{15EA6761-E3C5-4035-97EE-4F74A5ACEE96}.Debug|x86.Build.0 = Debug|Win32
		{15EA6761-E3C5-4035-97EE-4F74A5ACEE96}.Release.DLL|x64.ActiveCfg = Release|x64
		{15EA6761-E3C5-4035-97EE-4F74A5ACEE96}.Release.DLL|x64.Build.0 = Release|x64
		{15EA6761-E3C5-4035-97EE-4F74A5ACEE96}.Release.DLL|x86.ActiveCfg = Release|Win32
		{15EA6761-E3C5-4035-97EE-4F74A5ACEE96}.Release.DLL|x86.Build.0 = Release|Win32
		{15EA6761-E3C5-4035-97EE-4F74A5ACEE96}.Release|x64.ActiveCfg = Release|x64
		{15EA6761-E3C5-4035-97EE-4F74A5ACEE96}.Release|x64.Build.0 = Release|x64
		{15EA6761-E3C5-4035-97EE-4F74A5ACEE96}.Release|x86.ActiveCfg = Release|Win32
		{15EA6761-E3C5-4035-97EE-4F74A5ACEE96}.Release|x86.Build.0 = Release|Win32
		{1E2D4A61-74EA-46FB-896D-6926DBCA43D0}.Debug.DLL|x64.ActiveCfg = Debug|x64
		{1E2D4A61-74EA-46FB-896D-6926DBCA43D0}.Debug.DLL|x64.Build.0 = Debug|x64
		{1E2D4A61-74EA-46FB-896D-6926DBCA43D0}.Debug.DLL|x86.ActiveCfg = Debug|Win32
		{1E2D4A61-74EA-46FB-896D-6926DBCA43D0}.Debug.DLL|x86.Build.0 = Debug|Win32
		{1E2D4A61-74EA-46FB-896D-6926DBCA43D0}.Debug|x64.ActiveCfg = Debug|x64
		{1E2D4A61-74EA-46FB-896D-6926DBCA43D0}.Debug|x64.Build.0 = Debug|x64
		{1E2D4A61-74EA-46FB-896D-6926DBCA43D0}.Debug|x86.ActiveCfg = Debug|Win32
		{1E2D4A61-74EA-46FB-896D-6926DBCA43D0}.Debug|x86.Build.0 = Debug|Win32
		{1E2D4A61-74EA-46FB-896D-6926DBCA43D0}.Release.DLL|x64.ActiveCfg = Release|x64
		{1E2D4A61-74EA-46FB-896D-6926DBCA43D0}.Release.DLL|x64.Build.0 = Release|x64
		{1E2D4A61-74EA-46FB-896D-6926DBCA43D0}.Release.DLL|x86.ActiveCfg = Release|Win32
		{1E2D4A61-74EA-46FB-896D-6926DBCA43D0}.Release.DLL|x86.Build.0 = Release|Win32
		{1E2D4A61-74EA-46FB-896D-6926DBCA43D0}.Release|x64.ActiveCfg = Release|x64
		{1E2D4A61-74EA-46FB-896D-6926DBCA43D0}.Release|x64.Build.0 = Release|x64
		{1E2D4A61-74EA-46FB-896D-6926DBCA43D0}.Release|x86.ActiveCfg = Release|Win32
		{1E2D4A61-74EA-46FB-896D-6926DBCA43D0}.Release|x86.Build.0 = Release|Win32
		{2AE78477-4F9B-4709-BD24-80B382F0CF5C}.Debug.DLL|x64.ActiveCfg = Debug|x64
		{2AE78477-4F9B-4709-BD24-80B382F0CF5C}.Debug.DLL|x64.Build.0 = Debug|x64
		{2AE78477-4F9B-4709-BD24-80B382F0CF5C}.Debug.DLL|x86.ActiveCfg = Debug|Win32
		{2AE78477-4F9B-4709-BD24-80B382F0CF5C}.Debug.DLL|x86.Build.0 = Debug|Win32
		{2AE78477-4F9B-4709-BD24-80B382F0CF5C}.Debug|x64.ActiveCfg = Debug|x64
		{2AE78477-4F9B-4709-BD24-80B382F0CF5C}.Debug|x64.Build.0 = Debug|x64
		{2AE78477-4F9B-4709-BD24-80B382F0CF5C}.Debug|x86.ActiveCfg = Debug|Win32
		{2AE78477-4F9B-4709-BD24-80B382F0CF5C}.Debug|x86.Build.0 = Debug|Win32
		{2AE78477-4F9B-4709-BD24-80B382F0CF5C}.Release.DLL|x64.ActiveCfg = Release|x64
		{2AE78477-4F9B-4709-BD24-80B382F0CF5C}.Release.DLL|x64.Build.0 = Release|x64
		{2AE78477-4F9B-4709-BD24-80B382F0CF5C}.Release.DLL|x86.ActiveCfg = Release|Win32
		{2AE78477-4F9B-4709-BD24-80B382F0CF5C}.Release.DLL|x86.Build.0 = Release|Win32
		{2AE78477-4F9B-4709-BD24-80B382F0CF5C}.Release|x64.ActiveCfg = Release|x64
		{2AE78477-4F9B-4709-BD24-80B382F0CF5C}.Release|x64.Build.0 = Release|x64
		{2AE78477-4F9B-4709-BD24-80B382F0CF5C}.Release|x86.ActiveCfg = Release|Win32
		{2AE78477-4F9B-4709-BD24-80B382F0CF5C}.Release|x86.Build.0 = Release|Win32
		{7443F37A-4DB6-48DA-8571-0C5B35916C5A}.Debug.DLL|x64.ActiveCfg = Debug|x64
		{7443F37A-4DB6-48DA-8571-0C5B35916C5A}.Debug.DLL|x64.Build.0 = Debug|x64
		{7443F37A-4DB6-48DA-8571-0C5B35916C5A}.Debug.DLL|x86.ActiveCfg = Debug|Win32
		{7443F37A-4DB6-48DA-8571-0C5B35916C5A}.Debug.DLL|x86.Build.0 = Debug|Win32
		{7443F37A-4DB6-48DA-8571-0C5B35916C5A}.Debug|x64.ActiveCfg = Debug|x64
		{7443F37A-4DB6-48DA-8571-0C5B35916C5A}.Debug|x64.Build.0 = Debug|x64
		{7443F37A-4DB6-48DA-8571-0C5B35916C5A}.Debug|x86.ActiveCfg = Debug|Win32
		{7443F37A-4DB6-48DA-8571-0C5B35916C5A}.Debug|x86.Build.0 = Debug|Win32
		{7443F37A-4DB6-48DA-8571-0C5B35916C5A}.Release.DLL|x64.ActiveCfg = Release|x64
		{7443F37A-4DB6-48DA-8571-0C5B35916C5A}.Release.DLL|x64.Build.0 = Release|x64
		{7443F37A-4DB6-48DA-8571-0C5B35916C5A}.Release.DLL|x86.ActiveCfg = Release|Win32
		{7443F37A-4DB6-48DA-8571-0C5B35916C5A}.Release.DLL|x86.Build.0 = Release|Win32
		{7443F37A-4DB6-48DA-8571-0C5B35916C5A}.Release|x64.ActiveCfg = Release|x64
		{7443F37A-4DB6-48DA-8571-0C5B35916C5A}.Release|x64.Build.0 = Release|x64
		{7443F37A-4DB6-48DA-8571-0C5B35916C5A}.Release|x86.ActiveCfg = Release|Win32
		{7443F37A-4DB6-48DA-8571-0C5B35916C5A}.Release|x86.Build.0 = Release|Win32
		{E89D61AC-55DE-4482-AFD4-DF7242EBC859}.Debug.DLL|x64.ActiveCfg = Debug.DLL|x64
		{E89D61AC-55DE-4482-AFD4-DF7242EBC859}.Debug.DLL|x64.Build.0 = Debug.DLL|x64
		{E89D61AC-55DE-4482-AFD4-DF7242EBC859}.Debug.DLL|x86.ActiveCfg = Debug.DLL|Win32
		{E89D61AC-55DE-4482-AFD4-DF7242EBC859}.Debug.DLL|x86.Build.0 = Debug.DLL|Win32
		{E89D61AC-55DE-4482-AFD4-DF7242EBC859}.Debug|x64.ActiveCfg = Debug|x64
		{E89D61AC-55DE-4482-AFD4-DF7242EBC859}.Debug|x64.Build.0 = Debug|x64
		{E89D61AC-55DE-4482-AFD4-DF7242EBC859}.Debug|x86.ActiveCfg = Debug|Win32
		{E89D61AC-55DE-4482-AFD4-DF7242EBC859}.Debug|x86.Build.0 = Debug|Win32
		{E89D61AC-55DE-4482-AFD4-DF7242EBC859}.Release.DLL|x64.ActiveCfg = Release.DLL|x64
		{E89D61AC-55DE-4482-AFD4-DF7242EBC859}.Release.DLL|x64.Build.0 = Release.DLL|x64
		{E89D61AC-55DE-4482-AFD4-DF7242EBC859}.Release.DLL|x86.ActiveCfg = Release.DLL|Win32
		{E89D61AC-55DE-4482-AFD4-DF7242EBC859}.Release.DLL|x86.Build.0 = Release.DLL|Win32
		{E89D61AC-55DE-4482-AFD4-DF7242EBC859}.Release|x64.ActiveCfg = Release|x64
		{E89D61AC-55DE-4482-AFD4-DF7242EBC859}.Release|x64.Build.0 = Release|x64
		{E89D61AC-55DE-4482-AFD4-DF7242EBC859}.Release|x86.ActiveCfg = Release|Win32
		{E89D61AC-55DE-4482-AFD4-DF7242EBC859}.Release|x86.Build.0 = Release|Win32
		{B7832896-6893-4EDE-8EEE-4362CB488EE6}.Debug.DLL|x64.ActiveCfg = Debug|x64
		{B7832896-6893-4EDE-8EEE-4362CB488EE6}.Debug.DLL|x64.Build.0 = Debug|x64
		{B7832896-6893-4EDE-8EEE-4362CB488EE6}.Debug.DLL|x86.ActiveCfg = Debug|Win32
		{B7832896-6893-4EDE-8EEE-4362CB488EE6}.Debug.DLL|x86.Build.0 = Debug|Win32
		{B7832896-6893-4EDE-8EEE-4362CB488EE6}.Debug|x64.ActiveCfg = Debug|x64
		{B7832896-6893-4EDE-8EEE-4362CB488EE6}.Debug|x64.Build.0 = Debug|x64
		{B7832896-6893-4EDE-8EEE-4362CB488EE6}.Debug|x86.ActiveCfg = Debug|Win32
		{B7832896-6893-4EDE-8EEE-4362CB488EE6}.Debug|x86.Build.0 = Debug|Win32
		{B7832896-6893-4EDE-8EEE-4362CB488EE6}.Release.DLL|x64.ActiveCfg = Release|x64
		{B7832896-6893-4EDE-8EEE-4362CB488EE6}.Release.DLL|x64.Build.0 = Release|x64
		{B7832896-6893-4EDE-8EEE-4362CB488EE6}.Release.DLL|x86.ActiveCfg = Release|Win32
		{B7832896-6893-4EDE-8EEE-4362CB488EE6}.Release.DLL|x86.Build.0 = Release|Win32
		{B7832896-6893-4EDE-8EEE-4362CB488EE6}.Release|x64.ActiveCfg = Release|x64
		{B7832896-6893-4EDE-8EEE-4362CB488EE6}.Release|x64.Build.0 = Release|x64
		{B7832896-6893-4EDE-8EEE-4362CB488EE6}.Release|x86.ActiveCfg = Release|Win32
		{B7832896-6893-4EDE-8EEE-4362CB488EE6}.Release|x86.Build.0 = Release|Win32
		{E6C55A0C-B5B7-4963-8F77-19F1624B9F47}.Debug.DLL|x64.ActiveCfg = Debug|x64
		{E6C55A0C-B5B7-4963-8F77-19F1624B9F47}.Debug.DLL|x64.Build.0 = Debug|x64
		{E6C55A0C-B5B7-4963-8F77-19F1624B9F47}.Debug.DLL|x86.ActiveCfg = Debug|Win32
		{E6C55A0C-B5B7-4963-8F77-19F1624B9F47}.Debug.DLL|x86.Build.0 = Debug|Win32
		{E6C55A0C-B5B7-4963-8F77-19F1624B9F47}.Debug|x64.ActiveCfg = Debug|x64
		{E6C55A0C-B5B7-4963-8F77-19F1624B9F47}.Debug|x64.Build.0 = Debug|x64
		{E6C55A0C-B5B7-4963-8F77-19F1624B9F47}.Debug|x86.ActiveCfg = Debug|Win32
		{E6C55A0C-B5B7-4963-8F77-19F1624B9F47}.Debug|x86.Build.0 = Debug|Win32
		{E6C55A0C-B5B7-4963-8F77-19F1624B9F47}.Release.DLL|x64.ActiveCfg = Release|x64
		{E6C55A0C-B5B7-4963-8F77-19F1624B9F47}.Release.DLL|x64.Build.0 = Release|x64
		{E6C55A0C-B5B7-4963-8F77-19F1624B9F47}.Release.DLL|x86.ActiveCfg = Release|Win32
		{E6C55A0C-B5B7-4963-8F77-19F1624B9F47}.Release.DLL|x86.Build.0 = Release|Win32
		{E6C55A0C-B5B7-4963-8F77-19F1624B9F47}.Release|x64.ActiveCfg = Release|x64
		{E6C55A0C-B5B7-4963-8F77-19F1624B9F47}.Release|x64.Build.0 = Release|x64
		{E6C55A0C-B5B7-4963-8F77-19F1624B9F47}.Release|x86.ActiveCfg = Release|Win32
		{E6C55A0C-B5B7-4963-8F77-19F1624B9F47}.Release|x86.Build.0 = Release|Win32
		{860D46BC-EC6B-43C3-B335-3479F096FB1B}.Debug.DLL|x64.ActiveCfg = Debug|x64
		{860D46BC-EC6B-43C3-B335-3479F096FB1B}.Debug.DLL|x64.Build.0 = Debug|x64
		{860D46BC-EC6B-43C3-B335-3479F096FB1B}.Debug.DLL|x86.ActiveCfg = Debug|Win32
		{860D46BC-EC6B-43C3-B335-3479F096FB1B}.Debug.DLL|x86.Build.0 = Debug|Win32
		{860D46BC-EC6B-43C3-B335-3479F096FB1B}.Debug|x64.ActiveCfg = Debug|x64
		{860D46BC-EC6B-43C3-B335-3479F096FB1B}.Debug|x64.Build.0 = Debug|x64
		{860D46BC-EC6B-43C3-B335-3479F096FB1B}.Debug|x86.ActiveCfg = Debug|Win32
		{860D46BC-EC6B-43C3-B335-3479F096FB1B}.Debug|x86.Build.0 = Debug|Win32
		{860D46BC-EC6B-43C3-B335-3479F096FB1B}.Release.DLL|x64.ActiveCfg = Release|x64
		{860D46BC-EC6B-43C3-B335-3479F096FB1B}.Release.DLL|x64.Build.0 = Release|x64
		{860D46BC-EC6B-43C3-B335-3479F096FB1B}.Release.DLL|x86.ActiveCfg = Release|Win32
		{860D46BC-EC6B-43C3-B335-3479F096FB1B}.Release.DLL|x86.Build.0 = Release|Win32
		{860D46BC-EC6B-43C3-B335-3479F096FB1B}.Release|x64.ActiveCfg = Release|x64
		{860D46BC-EC6B-43C3-B335-3479F096FB1B}.Release|x64.Build.0 = Release|x64
		{860D46BC-EC6B-43C3-B335-3479F096FB1B}.Release|x86.ActiveCfg = Release|Win32
		{860D46BC-EC6B-43C3-B335-3479F096FB1B}.Release|x86.Build.0 = Release|Win32
		{991EBC54-28FF-44A1-863E-E70617782825}.Debug.DLL|x64.ActiveCfg = Debug|x64
		{991EBC54-28FF-44A1-863E-E70617782825}.Debug.DLL|x64.Build.0 = Debug|x64
		{991EBC54-28FF-44A1-863E-E70617782825}.Debug.DLL|x86.ActiveCfg = Debug|Win32
		{991EBC54-28FF-44A1-863E-E70617782825}.Debug.DLL|x86.Build.0 = Debug|Win32
		{991EBC54-28FF-44A1-863E-E70617782825}.Debug|x64.ActiveCfg = Debug|x64
		{991EBC54-28FF-44A1-863E-E70617782825}.Debug|x64.Build.0 = Debug|x64
		{991EBC54-28FF-44A1-863E-E70617782825}.Debug|x86.ActiveCfg = Debug|Win32
		{991EBC54-28FF-44A1-863E-E70617782825}.Debug|x86.Build.0 = Debug|Win32
		{991EBC54-28FF-44A1-863E-E70617782825}.Release.DLL|x64.ActiveCfg = Release|x64
		{991EBC54-28FF-44A1-863E-E70617782825}.Release.DLL|x64.Build.0 = Release|x64
		{991EBC54-28FF-44A1-863E-E70617782825}.Release.DLL|x86.ActiveCfg = Release|Win32
		{991EBC54-28FF-44A1-863E-E70617782825}.Release.DLL|x86.Build.0 = Release|Win32
		{991EBC54-28FF-44A1-863E-E70617782825}.Release|x64.ActiveCfg = Release|x64
		{991EBC54-28FF-44A1-863E-E70617782825}.Release|x64.Build.0 = Release|x64
		{991EBC54-28FF-44A1-863E-E70617782825}.Release|x86.ActiveCfg = Release|Win32
		{991EBC54-28FF-44A1-863E-E70617782825}.Release|x86.Build.0 = Release|Win32
		{E97A3E3D-01D5-4210-BCA0-A6D816624F1A}.Debug.DLL|x64.ActiveCfg = Debug|x64
		{E97A3E3D-01D5-4210-BCA0-A6D816624F1A}.Debug.DLL|x64.Build.0 = Debug|x64
		{E97A3E3D-01D5-4210-BCA0-A6D816624F1A}.Debug.DLL|x86.ActiveCfg = Debug|Win32
		{E97A3E3D-01D5-4210-BCA0-A6D816624F1A}.Debug.DLL|x86.Build.0 = Debug|Win32
		{E97A3E3D-01D5-4210-BCA0-A6D816624F1A}.Debug|x64.ActiveCfg = Debug|x64
		{E97A3E3D-01D5-4210-BCA0-A6D816624F1A}.Debug|x64.Build.0 = Debug|x64
		{E97A3E3D-01D5-4210-BCA0-A6D816624F1A}.Debug|x86.ActiveCfg = Debug|Win32
		{E97A3E3D-01D5-4210-BCA0-A6D816624F1A}.Debug|x86.Build.0 = Debug|Win32
		{E97A3E3D-01D5-4210-BCA0-A6D816624F1A}.Release.DLL|x64.ActiveCfg = Release|x64
		{E97A3E3D-01D5-4210-BCA0-A6D816624F1A}.Release.DLL|x64.Build.0 = Release|x64
		{E97A3E3D-01D5-4210-BCA0-A6D816624F1A}.Release.DLL|x86.ActiveCfg = Release|Win32
		{E97A3E3D-01D5-4210-BCA0-A6D816624F1A}.Release.DLL|x86.Build.0 = Release|Win32
		{E97A3E3D-01D5-4210-BCA0-A6D816624F1A}.Release|x64.ActiveCfg = Release|x64
		{E97A3E3D-01D5-4210-BCA0-A6D816624F1A}.Release|x64.Build.0 = Release|x64
		{E97A3E3D-01D5-4210-BCA0-A6D816624F1A}.Release|x86.ActiveCfg = Release|Win32
		{E97A3E3D-01D5-4210-BCA0-A6D816624F1A}.Release|x86.Build.0 = Release|Win32
		{1E78302D-CF63-4922-8113-DCCD24F94087}.Debug.DLL|x64.ActiveCfg = Debug|x64
		{1E78302D-CF63-4922-8113-DCCD24F94087}.Debug.DLL|x64.Build.0 = Debug|x64
		{1E78302D-CF63-4922-8113-DCCD24F94087}.Debug.DLL|x86.ActiveCfg = Debug|Win32
		{1E78302D-CF63-4922-8113-DCCD24F94087}.Debug.DLL|x86.Build.0 = Debug|Win32
		{1E78302D-CF63-4922-8113-DCCD24F94087}.Debug|x64.ActiveCfg = Debug|x64
		{1E78302D-CF63-4922-8113-DCCD24F94087}.Debug|x64.Build.0 = Debug|x64
		{1E78302D-CF63-4922-8113-DCCD24F94087}.Debug|x86.ActiveCfg = Debug|Win32
		{1E78302D-CF63-4922-8113-DCCD24F94087}.Debug|x86.Build.0 = Debug|Win32
		{1E78302D-CF63-4922-8113-DCCD24F94087}.Release.DLL|x64.ActiveCfg = Release|x64
		{1E78302D-CF63-4922-8113-DCCD24F94087}.Release.DLL|x64.Build.0 = Release|x64
		{1E78302D-CF63-4922-8113-DCCD24F94087}.Release.DLL|x86.ActiveCfg = Release|Win32
		{1E78302D-CF63-4922-8113-DCCD24F94087}.Release.DLL|x86.Build.0 = Release|Win32
		{1E78302D-CF63-4922-8113-DCCD24F94087}.Release|x64.ActiveCfg = Release|x64
		{1E78302D-CF63-4922-8113-DCCD24F94087}.Release|x64.Build.0 = Release|x64
		{1E78302D-CF63-4922-8113-DCCD24F94087}.Release|x86.ActiveCfg = Release|Win32
		{1E78302D-CF63-4922-8113-DCCD24F94087}.Release|x86.Build.0 = Release|Win32
		{AA2BD0BE-D174-4F8F-A7F7-B924128FED00}.Debug.DLL|x64.ActiveCfg = Debug|x64
		{AA2BD0BE-D174-4F8F-A7F7-B924128FED00}.Debug.DLL|x64.Build.0 = Debug|x64
		{AA2BD0BE-D174-4F8F-A7F7-B924128FED00}.Debug.DLL|x86.ActiveCfg = Debug|Win32
		{AA2BD0BE-D174-4F8F-A7F7-B924128FED00}.Debug.DLL|x86.Build.0 = Debug|Win32
		{AA2BD0BE-D174-4F8F-A7F7-B924128FED00}.Debug|x64.ActiveCfg = Debug|x64
		{AA2BD0BE-D174-4F8F-A7F7-B924128FED00}.Debug|x64.Build.0 = Debug|x64
		{AA2BD0BE-D174-4F8F-A7F7-B924128FED00}.Debug|x86.ActiveCfg = Debug|Win32
		{AA2BD0BE-D174-4F8F-A7F7-B924128FED00}.Debug|x86.Build.0 = Debug|Win32
		{AA2BD0BE-D174-4F8F-A7F7-B924128FED00}.Release.DLL|x64.ActiveCfg = Release|x64
		{AA2BD0BE-D174-4F8F-A7F7-B924128FED00}.Release.DLL|x64.Build.0 = Release|x64
		{AA2BD0BE-D174-4F8F-A7F7-B924128FED00}.Release.DLL|x86.ActiveCfg = Release|Win32
		{AA2BD0BE-D174-4F8F-A7F7-B924128FED00}.Release.DLL|x86.Build.0 = Release|Win32
		{AA2BD0BE-D174-4F8F-A7F7-B924128FED00}.Release|x64.ActiveCfg = Release|x64
		{AA2BD0BE-D174-4F8F-A7F7-B924128FED00}.Release|x64.Build.0 = Release|x64
		{AA2BD0BE-D174-4F8F-A7F7-B924128FED00}.Release|x86.ActiveCfg = Release|Win32
		{AA2BD0BE-D174-4F8F-A7F7-B924128FED00}.Release|x86.Build.0 = Release|Win32
		{52496C82-2EDB-4649-8509-451891F6A3DE}.Debug.DLL|x64.ActiveCfg = Debug|x64
		{52496C82-2EDB-4649-8509-451891F6A3DE}.Debug.DLL|x64.Build.0 = Debug|x64
		{52496C82-2EDB-4649-8509-451891F6A3DE}.Debug.DLL|x86.ActiveCfg = Debug|Win32
		{52496C82-2EDB-4649-8509-451891F6A3DE}.Debug.DLL|x86.Build.0 = Debug|Win32
		{52496C82-2EDB-4649-8509-451891F6A3DE}.Debug|x64.ActiveCfg = Debug|x64
		{52496C82-2EDB-4649-8509-451891F6A3DE}.Debug|x64.Build.0 = Debug|x64
		{52496C82-2EDB-4649-8509-451891F6A3DE}.Debug|x86.ActiveCfg = Debug|Win32
		{52496C82-2EDB-4649-8509-451891F6A3DE}.Debug|x86.Build.0 = Debug|Win32
		{52496C82-2EDB-4649-8509-451891F6A3DE}.Release.DLL|x64.ActiveCfg = Release|x64
		{52496C82-2EDB-4649-8509-451891F6A3DE}.Release.DLL|x64.Build.0 = Release|x64
		{52496C82-2EDB-4649-8509-451891F6A3DE}.Release.DLL|x86.ActiveCfg = Release|Win32
		{52496C82-2EDB-4649-8509-451891F6A3DE}.Release.DLL|x86.Build.0 = Release|Win32
		{52496C82-2EDB-4649-8509-451891F6A3DE}.Release|x64.ActiveCfg = Release|x64
		{52496C82-2EDB-4649-8509-451891F6A3DE}.Release|x64.Build.0 = Release|x64
		{52496C82-2EDB-4649-8509-451891F6A3DE}.Release|x86.ActiveCfg = Release|Win32
		{52496C82-2EDB-4649-8509-451891F6A3DE}.Release|x86.Build.0 = Release|Win32
		{87A3DC96-5B69-4594-A7F8-583B94676448}.Debug.DLL|x64.ActiveCfg = Debug|x64
		{87A3DC96-5B69-4594-A7F8-583B94676448}.Debug.DLL|x64.Build.0 = Debug|x64
		{87A3DC96-5B69-4594-A7F8-583B94676448}.Debug.DLL|x86.ActiveCfg = Debug|Win32
		{87A3DC96-5B69-4594-A7F8-583B94676448}.Debug.DLL|x86.Build.0 = Debug|Win32
		{87A3DC96-5B69-4594-A7F8-583B94676448}.Debug|x64.ActiveCfg = Debug|x64
		{87A3DC96-5B69-4594-A7F8-583B94676448}.Debug|x64.Build.0 = Debug|x64
		{87A3DC96-5B69-4594-A7F8-583B94676448}.Debug|x86.ActiveCfg = Debug|Win32
		{87A3DC96-5B69-4594-A7F8-583B94676448}.Debug|x86.Build.0 = Debug|Win32
		{87A3DC96-5B69-4594-A7F8-583B94676448}.Release.DLL|x64.ActiveCfg = Release|x64
		{87A3DC96-5B69-4594-A7F8-583B94676448}.Release.DLL|x64.Build.0 = Release|x64
		{87A3DC96-5B69-4594-A7F8-583B94676448}.Release.DLL|x86.ActiveCfg = Release|Win32
		{87A3DC96-5B69-4594-A7F8-583B94676448}.Release.DLL|x86.Build.0 = Release|Win32
		{87A3DC96-5B69-4594-A7F8-583B94676448}.Release|x64.ActiveCfg = Release|x64
		{87A3DC96-5B69-4594-A7F8-583B94676448}.Release|x64.Build.0 = Release|x64
		{87A3DC96-5B69-4594-A7F8-583B94676448}.Release|x86.ActiveCfg = Release|Win32
		{87A3DC96-5B69-4594-A7F8-583B94676448}.Release|x86.Build.0 = Release|Win32
		{FA856173-3823-4FFF-8207-32DB9C1711FA}.Debug.DLL|x64.ActiveCfg = Debug|x64
		{FA856173-3823-4FFF-8207-32DB9C1711FA}.Debug.DLL|x64.Build.0 = Debug|x64
		{FA856173-3823-4FFF-8207-32DB9C1711FA}.Debug.DLL|x86.ActiveCfg = Debug|Win32
		{FA856173-3823-4FFF-8207-32DB9C1711FA}.Debug.DLL|x86.Build.0 = Debug|Win32
		{FA856173-3823-4FFF-8207-32DB9C1711FA}.Debug|x64.ActiveCfg = Debug|x64
		{FA856173-3823-4FFF-8207-32DB9C1711FA}.Debug|x64.Build.0 = Debug|x64
		{FA856173-3823-4FFF-8207-32DB9C1711FA}.Debug|x86.ActiveCfg = Debug|Win32
		{FA856173-3823-4FFF-8207-32DB9C1711FA}.Debug|x86.Build.0 = Debug|Win32
		{FA856173-3823-4FFF-8207-32DB9C1711FA}.Release.DLL|x64.ActiveCfg = Release|x64
		{FA856173-3823-4FFF-8207-32DB9C1711FA}.Release.DLL|x64.Build.0 = Release|x64
		{FA856173-3823-4FFF-8207-32DB9C1711FA}.Release.DLL|x86.ActiveCfg = Release|Win32
		{FA856173-3823-4FFF-8207-32DB9C1711FA}.Release.DLL|x86.Build.0 = Release|Win32
		{FA856173-3823-4FFF-8207-32DB9C1711FA}.Release|x64.ActiveCfg = Release|x64
		{FA856173-3823-4FFF-8207-32DB9C1711FA}.Release|x64.Build.0 = Release|x64
		{FA856173-3823-4FFF-8207-32DB9C1711FA}.Release|x86.ActiveCfg = Release|Win32
		{FA856173-3823-4FFF-8207-32DB9C1711FA}.Release|x86.Build.0 = Release|Win32
		{9CF1DC0D-A3C1-45C2-98EC-F4F30B6BB49D}.Debug.DLL|x64.ActiveCfg = Debug|x64
		{9CF1DC0D-A3C1-45C2-98EC-F4F30B6BB49D}.Debug.DLL|x64.Build.0 = Debug|x64
		{9CF1DC0D-A3C1-45C2-98EC-F4F30B6BB49D}.Debug.DLL|x86.ActiveCfg = Debug|Win32
		{9CF1DC0D-A3C1-45C2-98EC-F4F30B6BB49D}.Debug.DLL|x86.Build.0 = Debug|Win32
		{9CF1DC0D-A3C1-45C2-98EC-F4F30B6BB49D}.Debug|x64.ActiveCfg = Debug|x64
		{9CF1DC0D-A3C1-45C2-98EC-F4F30B6BB49D}.Debug|x64.Build.0 = Debug|x64
		{9CF1DC0D-A3C1-45C2-98EC-F4F30B6BB49D}.Debug|x86.ActiveCfg = Debug|Win32
		{9CF1DC0D-A3C1-45C2-98EC-F4F30B6BB49D}.Debug|x86.Build.0 = Debug|Win32
		{9CF1DC0D-A3C1-45C2-98EC-F4F30B6BB49D}.Release.DLL|x64.ActiveCfg = Release|x64
		{9CF1DC0D-A3C1-45C2-98EC-F4F30B6BB49D}.Release.DLL|x64.Build.0 = Release|x64
		{9CF1DC0D-A3C1-45C2-98EC-F4F30B6BB49D}.Release.DLL|x86.ActiveCfg = Release|Win32
		{9CF1DC0D-A3C1-45C2-98EC-F4F30B6BB49D}.Release.DLL|x86.Build.0 = Release|Win32
		{9CF1DC0D-A3C1-45C2-98EC-F4F30B6BB49D}.Release|x64.ActiveCfg = Release|x64
		{9CF1DC0D-A3C1-45C2-98EC-F4F30B6BB49D}.Release|x64.Build.0 = Release|x64
		{9CF1DC0D-A3C1-45C2-98EC-F4F30B6BB49D}.Release|x86.ActiveCfg = Release|Win32
		{9CF1DC0D-A3C1-45C2-98EC-F4F30B6BB49D}.Release|x86.Build.0 = Release|Win32
		{562B9EEF-2A2E-46E1-8A28-550C86CDF9F6}.Debug.DLL|x64.ActiveCfg = Debug|x64
		{562B9EEF-2A2E-46E1-8A28-550C86CDF9F6}.Debug.DLL|x64.Build.0 = Debug|x64
		{562B9EEF-2A2E-46E1-8A28-550C86CDF9F6}.Debug.DLL|x86.ActiveCfg = Debug|Win32
		{562B9EEF-2A2E-46E1-8A28-550C86CDF9F6}.Debug.DLL|x86.Build.0 = Debug|Win32
		{562B9EEF-2A2E-46E1-8A28-550C86CDF9F6}.Debug|x64.ActiveCfg = Debug|x64
		{562B9EEF-2A2E-46E1-8A28-550C86CDF9F6}.Debug|x64.Build.0 = Debug|x64
		{562B9EEF-2A2E-46E1-8A28-550C86CDF9F6}.Debug|x86.ActiveCfg = Debug|Win32
		{562B9EEF-2A2E-46E1-8A28-550C86CDF9F6}.Debug|x86.Build.0 = Debug|Win32
		{562B9EEF-2A2E-46E1-8A28-550C86CDF9F6}.Release.DLL|x64.ActiveCfg = Release|x64
		{562B9EEF-2A2E-46E1-8A28-550C86CDF9F6}.Release.DLL|x64.Build.0 = Release|x64
		{562B9EEF-2A2E-46E1-8A28-550C86CDF9F6}.Release.DLL|x86.ActiveCfg = Release|Win32
		{562B9EEF-2A2E-46E1-8A28-550C86CDF9F6}.Release.DLL|x86.Build.0 = Release|Win32
		{562B9EEF-2A2E-46E1-8A28-550C86CDF9F6}.Release|x64.ActiveCfg = Release|x64
		{562B9EEF-2A2E-46E1-8A28-550C86CDF9F6}.Release|x64.Build.0 = Release|x64
		{562B9EEF-2A2E-46E1-8A28-550C86CDF9F6}.Release|x86.ActiveCfg = Release|Win32
		{562B9EEF-2A2E-46E1-8A28-550C86CDF9F6}.Release|x86.Build.0 = Release|Win32
		{97D147F3-4DBC-45CD-87EB-6C90EB6EFE21}.Debug.DLL|x64.ActiveCfg = Debug|x64
		{97D147F3-4DBC-45CD-87EB-6C90EB6EFE21}.Debug.DLL|x64.Build.0 = Debug|x64
		{97D147F3-4DBC-45CD-87EB-6C90EB6EFE21}.Debug.DLL|x86.ActiveCfg = Debug|Win32
		{97D147F3-4DBC-45CD-87EB-6C90EB6EFE21}.Debug.DLL|x86.Build.0 = Debug|Win32
		{97D147F3-4DBC-45CD-87EB-6C90EB6EFE21}.Debug|x64.ActiveCfg = Debug|x64
		{97D147F3-4DBC-45CD-87EB-6C90EB6EFE21}.Debug|x64.Build.0 = Debug|x64
		{97D147F3-4DBC-45CD-87EB-6C90EB6EFE21}.Debug|x86.ActiveCfg = Debug|Win32
		{97D147F3-4DBC-45CD-87EB-6C90EB6EFE21}.Debug|x86.Build.0 = Debug|Win32
		{97D147F3-4DBC-45CD-87EB-6C90EB6EFE21}.Release.DLL|x64.ActiveCfg = Release|x64
		{97D147F3-4DBC-45CD-87EB-6C90EB6EFE21}.Release.DLL|x64.Build.0 = Release|x64
		{97D147F3-4DBC-45CD-87EB-6C90EB6EFE21}.Release.DLL|x86.ActiveCfg = Release|Win32
		{97D147F3-4DBC-45CD-87EB-6C90EB6EFE21}.Release.DLL|x86.Build.0 = Release|Win32
		{97D147F3-4DBC-45CD-87EB-6C90EB6EFE21}.Release|x64.ActiveCfg = Release|x64
		{97D147F3-4DBC-45CD-87EB-6C90EB6EFE21}.Release|x64.Build.0 = Release|x64
		{97D147F3-4DBC-45CD-87EB-6C90EB6EFE21}.Release|x86.ActiveCfg = Release|Win32
		{97D147F3-4DBC-45CD-87EB-6C90EB6EFE21}.Release|x86.Build.0 = Release|Win32
		{AD871809-7119-436F-A8AA-2EAF63B35A3C}.Debug.DLL|x64.ActiveCfg = Debug|x64
		{AD871809-7119-436F-A8AA-2EAF63B35A3C}.Debug.DLL|x64.Build.0 = Debug|x64
		{AD871809-7119-436F-A8AA-2EAF63B35A3C}.Debug.DLL|x86.ActiveCfg = Debug|Win32
		{AD871809-7119-436F-A8AA-2EAF63B35A3C}.Debug.DLL|x86.Build.0 = Debug|Win32
		{AD871809-7119-436F-A8AA-2EAF63B35A3C}.Debug|x64.ActiveCfg = Debug|x64
		{AD871809-7119-436F-A8AA-2EAF63B35A3C}.Debug|x64.Build.0 = Debug|x64
		{AD871809-7119-436F-A8AA-2EAF63B35A3C}.Debug|x86.ActiveCfg = Debug|Win32
		{AD871809-7119-436F-A8AA-2EAF63B35A3C}.Debug|x86.Build.0 = Debug|Win32
		{AD871809-7119-436F-A8AA-2EAF63B35A3C}.Release.DLL|x64.ActiveCfg = Release|x64
		{AD871809-7119-436F-A8AA-2EAF63B35A3C}.Release.DLL|x64.Build.0 = Release|x64
		{AD871809-7119-436F-A8AA-2EAF63B35A3C}.Release.DLL|x86.ActiveCfg = Release|Win32
		{AD871809-7119-436F-A8AA-2EAF63B35A3C}.Release.DLL|x86.Build.0 = Release|Win32
		{AD871809-7119-436F-A8AA-2EAF63B35A3C}.Release|x64.ActiveCfg = Release|x64
		{AD871809-7119-436F-A8AA-2EAF63B35A3C}.Release|x64.Build.0 = Release|x64
		{AD871809-7119-436F-A8AA-2EAF63B35A3C}.Release|x86.ActiveCfg = Release|Win32
		{AD871809-7119-436F-A8AA-2EAF63B35A3C}.Release|x86.Build.0 = Release|Win32
		{1AA5B221-FF0B-43F4-87F0-4848320FF179}.Debug.DLL|x64.ActiveCfg = Debug|x64
		{1AA5B221-FF0B-43F4-87F0-4848320FF179}.Debug.DLL|x64.Build.0 = Debug|x64
		{1AA5B221-FF0B-43F4-87F0-4848320FF179}.Debug.DLL|x86.ActiveCfg = Debug|Win32
		{1AA5B221-FF0B-43F4-87F0-4848320FF179}.Debug.DLL|x86.Build.0 = Debug|Win32
		{1AA5B221-FF0B-43F4-87F0-4848320FF179}.Debug|x64.ActiveCfg = Debug|x64
		{1AA5B221-FF0B-43F4-87F0-4848320FF179}.Debug|x64.Build.0 = Debug|x64
		{1AA5B221-FF0B-43F4-87F0-4848320FF179}.Debug|x86.ActiveCfg = Debug|Win32
		{1AA5B221-FF0B-43F4-87F0-4848320FF179}.Debug|x86.Build.0 = Debug|Win32
		{1AA5B221-FF0B-43F4-87F0-4848320FF179}.Release.DLL|x64.ActiveCfg = Release|x64
		{1AA5B221-FF0B-43F4-87F0-4848320FF179}.Release.DLL|x64.Build.0 = Release|x64
		{1AA5B221-FF0B-43F4-87F0-4848320FF179}.Release.DLL|x86.ActiveCfg = Release|Win32
		{1AA5B221-FF0B-43F4-87F0-4848320FF179}.Release.DLL|x86.Build.0 = Release|Win32
		{1AA5B221-FF0B-43F4-87F0-4848320FF179}.Release|x64.ActiveCfg = Release|x64
		{1AA5B221-FF0B-43F4-87F0-4848320FF179}.Release|x64.Build.0 = Release|x64
		{1AA5B221-FF0B-43F4-87F0-4848320FF179}.Release|x86.ActiveCfg = Release|Win32
		{1AA5B221-FF0B-43F4-87F0-4848320FF179}.Release|x86.Build.0 = Release|Win32
		{E4BFD291-B8CF-4D71-9E86-658CD227428D}.Debug.DLL|x64.ActiveCfg = Debug|x64
		{E4BFD291-B8CF-4D71-9E86-658CD227428D}.Debug.DLL|x64.Build.0 = Debug|x64
		{E4BFD291-B8CF-4D71-9E86-658CD227428D}.Debug.DLL|x86.ActiveCfg = Debug|Win32
		{E4BFD291-B8CF-4D71-9E86-658CD227428D}.Debug.DLL|x86.Build.0 = Debug|Win32
		{E4BFD291-B8CF-4D71-9E86-658CD227428D}.Debug|x64.ActiveCfg = Debug|x64
		{E4BFD291-B8CF-4D71-9E86-658CD227428D}.Debug|x64.Build.0 = Debug|x64
		{E4BFD291-B8CF-4D71-9E86-658CD227428D}.Debug|x86.ActiveCfg = Debug|Win32
		{E4BFD291-B8CF-4D71-9E86-658CD227428D}.Debug|x86.Build.0 = Debug|Win32
		{E4BFD291-B8CF-4D71-9E86-658CD227428D}.Release.DLL|x64.ActiveCfg = Release|x64
		{E4BFD291-B8CF-4D71-9E86-658CD227428D}.Release.DLL|x64.Build.0 = Release|x64
		{E4BFD291-B8CF-4D71-9E86-658CD227428D}.Release.DLL|x86.ActiveCfg = Release|Win32
		{E4BFD291-B8CF-4D71-9E86-658CD227428D}.Release.DLL|x86.Build.0 = Release|Win32
		{E4BFD291-B8CF-4D71-9E86-658CD227428D}.Release|x64.ActiveCfg = Release|x64
		{E4BFD291-B8CF-4D71-9E86-658CD227428D}.Release|x64.Build.0 = Release|x64
		{E4BFD291-B8CF-4D71-9E86-658CD227428D}.Release|x86.ActiveCfg = Release|Win32
		{E4BFD291-B8CF-4D71-9E86-658CD227428D}.Release|x86.Build.0 = Release|Win32
		{DCF29CD5-AFDE-4C7A-9BED-0679D09EAA9D}.Debug.DLL|x64.ActiveCfg = Debug|x64
		{DCF29CD5-AFDE-4C7A-9BED-0679D09EAA9D}.Debug.DLL|x64.Build.0 = Debug|x64
		{DCF29CD5-AFDE-4C7A-9BED-0679D09EAA9D}.Debug.DLL|x86.ActiveCfg = Debug|Win32
		{DCF29CD5-AFDE-4C7A-9BED-0679D09EAA9D}.Debug.DLL|x86.Build.0 = Debug|Win32
		{DCF29CD5-AFDE-4C7A-9BED-0679D09EAA9D}.Debug|x64.ActiveCfg = Debug|x64
		{DCF29CD5-AFDE-4C7A-9BED-0679D09EAA9D}.Debug|x64.Build.0 = Debug|x64
		{DCF29CD5-AFDE-4C7A-9BED-0679D09EAA9D}.Debug|x86.ActiveCfg = Debug|Win32
		{DCF29CD5-AFDE-4C7A-9BED-0679D09EAA9D}.Debug|x86.Build.0 = Debug|Win32
		{DCF29CD5-AFDE-4C7A-9BED-0679D09EAA9D}.Release.DLL|x64.ActiveCfg = Release|x64
		{DCF29CD5-AFDE-4C7A-9BED-0679D09EAA9D}.Release.DLL|x64.Build.0 = Release|x64
		{DCF29CD5-AFDE-4C7A-9BED-0679D09EAA9D}.Release.DLL|x86.ActiveCfg = Release|Win32
		{DCF29CD5-AFDE-4C7A-9BED-0679D09EAA9D}.Release.DLL|x86.Build.0 = Release|Win32
		{DCF29CD5-AFDE-4C7A-9BED-0679D09EAA9D}.Release|x64.ActiveCfg = Release|x64
		{DCF29CD5-AFDE-4C7A-9BED-0679D09EAA9D}.Release|x64.Build.0 = Release|x64
		{DCF29CD5-AFDE-4C7A-9BED-0679D09EAA9D}.Release|x86.ActiveCfg = Release|Win32
		{DCF29CD5-AFDE-4C7A-9BED-0679D09EAA9D}.Release|x86.Build.0 = Release|Win32
		{76508AAD-7030-4FD2-9D05-99184AF2BAF5}.Debug.DLL|x64.ActiveCfg = Debug|x64
		{76508AAD-7030-4FD2-9D05-99184AF2BAF5}.Debug.DLL|x64.Build.0 = Debug|x64
		{76508AAD-7030-4FD2-9D05-99184AF2BAF5}.Debug.DLL|x86.ActiveCfg = Debug|Win32
		{76508AAD-7030-4FD2-9D05-99184AF2BAF5}.Debug.DLL|x86.Build.0 = Debug|Win32
		{76508AAD-7030-4FD2-9D05-99184AF2BAF5}.Debug|x64.ActiveCfg = Debug|x64
		{76508AAD-7030-4FD2-9D05-99184AF2BAF5}.Debug|x64.Build.0 = Debug|x64
		{76508AAD-7030-4FD2-9D05-99184AF2BAF5}.Debug|x86.ActiveCfg = Debug|Win32
		{76508AAD-7030-4FD2-9D05-99184AF2BAF5}.Debug|x86.Build.0 = Debug|Win32
		{76508AAD-7030-4FD2-9D05-99184AF2BAF5}.Release.DLL|x64.ActiveCfg = Release|x64
		{76508AAD-7030-4FD2-9D05-99184AF2BAF5}.Release.DLL|x64.Build.0 = Release|x64
		{76508AAD-7030-4FD2-9D05-99184AF2BAF5}.Release.DLL|x86.ActiveCfg = Release|Win32
		{76508AAD-7030-4FD2-9D05-99184AF2BAF5}.Release.DLL|x86.Build.0 = Release|Win32
		{76508AAD-7030-4FD2-9D05-99184AF2BAF5}.Release|x64.ActiveCfg = Release|x64
		{76508AAD-7030-4FD2-9D05-99184AF2BAF5}.Release|x64.Build.0 = Release|x64
		{76508AAD-7030-4FD2-9D05-99184AF2BAF5}.Release|x86.ActiveCfg = Release|Win32
		{76508AAD-7030-4FD2-9D05-99184AF2BAF5}.Release|x86.Build.0 = Release|Win32
		{C699BB79-8F3F-48A3-A06A-2D4E0EA73360}.Debug.DLL|x64.ActiveCfg = Debug|x64
		{C699BB79-8F3F-48A3-A06A-2D4E0EA73360}.Debug.DLL|x64.Build.0 = Debug|x64
		{C699BB79-8F3F-48A3-A06A-2D4E0EA73360}.Debug.DLL|x86.ActiveCfg = Debug|Win32
		{C699BB79-8F3F-48A3-A06A-2D4E0EA73360}.Debug.DLL|x86.Build.0 = Debug|Win32
		{C699BB79-8F3F-48A3-A06A-2D4E0EA73360}.Debug|x64.ActiveCfg = Debug|x64
		{C699BB79-8F3F-48A3-A06A-2D4E0EA73360}.Debug|x64.Build.0 = Debug|x64
		{C699BB79-8F3F-48A3-A06A-2D4E0EA73360}.Debug|x86.ActiveCfg = Debug|Win32
		{C699BB79-8F3F-48A3-A06A-2D4E0EA73360}.Debug|x86.Build.0 = Debug|Win32
		{C699BB79-8F3F-48A3-A06A-2D4E0EA73360}.Release.DLL|x64.ActiveCfg = Release|x64
		{C699BB79-8F3F-48A3-A06A-2D4E0EA73360}.Release.DLL|x64.Build.0 = Release|x64
		{C699BB79-8F3F-48A3-A06A-2D4E0EA73360}.Release.DLL|x86.ActiveCfg = Release|Win32
		{C699BB79-8F3F-48A3-A06A-2D4E0EA73360}.Release.DLL|x86.Build.0 = Release|Win32
		{C699BB79-8F3F-48A3-A06A-2D4E0EA73360}.Release|x64.ActiveCfg = Release|x64
		{C699BB79-8F3F-48A3-A06A-2D4E0EA73360}.Release|x64.Build.0 = Release|x64
		{C699BB79-8F3F-48A3-A06A-2D4E0EA73360}.Release|x86.ActiveCfg = Release|Win32
		{C699BB79-8F3F-48A3-A06A-2D4E0EA73360}.Release|x86.Build.0 = Release|Win32
		{3986E679-6E11-4B7A-A00D-9669DEDBBC1E}.Debug.DLL|x64.ActiveCfg = Debug|x64
		{3986E679-6E11-4B7A-A00D-9669DEDBBC1E}.Debug.DLL|x64.Build.0 = Debug|x64
		{3986E679-6E11-4B7A-A00D-9669DEDBBC1E}.Debug.DLL|x86.ActiveCfg = Debug|Win32
		{3986E679-6E11-4B7A-A00D-9669DEDBBC1E}.Debug.DLL|x86.Build.0 = Debug|Win32
		{3986E679-6E11-4B7A-A00D-9669DEDBBC1E}.Debug|x64.ActiveCfg = Debug|x64
		{3986E679-6E11-4B7A-A00D-9669DEDBBC1E}.Debug|x64.Build.0 = Debug|x64
		{3986E679-6E11-4B7A-A00D-9669DEDBBC1E}.Debug|x86.ActiveCfg = Debug|Win32
		{3986E679-6E11-4B7A-A00D-9669DEDBBC1E}.Debug|x86.Build.0 = Debug|Win32
		{3986E679-6E11-4B7A-A00D-9669DEDBBC1E}.Release.DLL|x64.ActiveCfg = Release|x64
		{3986E679-6E11-4B7A-A00D-9669DEDBBC1E}.Release.DLL|x64.Build.0 = Release|x64
		{3986E679-6E11-4B7A-A00D-9669DEDBBC1E}.Release.DLL|x86.ActiveCfg = Release|Win32
		{3986E679-6E11-4B7A-A00D-9669DEDBBC1E}.Release.DLL|x86.Build.0 = Release|Win32
		{3986E679-6E11-4B7A-A00D-9669DEDBBC1E}.Release|x64.ActiveCfg = Release|x64
		{3986E679-6E11-4B7A-A00D-9669DEDBBC1E}.Release|x64.Build.0 = Release|x64
		{3986E679-6E11-4B7A-A00D-9669DEDBBC1E}.Release|x86.ActiveCfg = Release|Win32
		{3986E679-6E11-4B7A-A00D-9669DEDBBC1E}.Release|x86.Build.0 = Release|Win32
		{CBD64DDC-70CE-470B-B5ED-E12B59196EE7}.Debug.DLL|x64.ActiveCfg = Debug|x64
		{CBD64DDC-70CE-470B-B5ED-E12B59196EE7}.Debug.DLL|x64.Build.0 = Debug|x64
		{CBD64DDC-70CE-470B-B5ED-E12B59196EE7}.Debug.DLL|x86.ActiveCfg = Debug|Win32
		{CBD64DDC-70CE-470B-B5ED-E12B59196EE7}.Debug.DLL|x86.Build.0 = Debug|Win32
		{CBD64DDC-70CE-470B-B5ED-E12B59196EE7}.Debug|x64.ActiveCfg = Debug|x64
		{CBD64DDC-70CE-470B-B5ED-E12B59196EE7}.Debug|x64.Build.0 = Debug|x64
		{CBD64DDC-70CE-470B-B5ED-E12B59196EE7}.Debug|x86.ActiveCfg = Debug|Win32
		{CBD64DDC-70CE-470B-B5ED-E12B59196EE7}.Debug|x86.Build.0 = Debug|Win32
		{CBD64DDC-70CE-470B-B5ED-E12B59196EE7}.Release.DLL|x64.ActiveCfg = Release|x64
		{CBD64DDC-70CE-470B-B5ED-E12B59196EE7}.Release.DLL|x64.Build.0 = Release|x64
		{CBD64DDC-70CE-470B-B5ED-E12B59196EE7}.Release.DLL|x86.ActiveCfg = Release|Win32
		{CBD64DDC-70CE-470B-B5ED-E12B59196EE7}.Release.DLL|x86.Build.0 = Release|Win32
		{CBD64DDC-70CE-470B-B5ED-E12B59196EE7}.Release|x64.ActiveCfg = Release|x64
		{CBD64DDC-70CE-470B-B5ED-E12B59196EE7}.Release|x64.Build.0 = Release|x64
		{CBD64DDC-70CE-470B-B5ED-E12B59196EE7}.Release|x86.ActiveCfg = Release|Win32
		{CBD64DDC-70CE-470B-B5ED-E12B59196EE7}.Release|x86.Build.0 = Release|Win32
		{AB0DD232-1AF9-4B16-A0F2-5EBF32250F6B}.Debug.DLL|x64.ActiveCfg = Debug|x64
		{AB0DD232-1AF9-4B16-A0F2-5EBF32250F6B}.Debug.DLL|x64.Build.0 = Debug|x64
		{AB0DD232-1AF9-4B16-A0F2-5EBF32250F6B}.Debug.DLL|x86.ActiveCfg = Debug|Win32
		{AB0DD232-1AF9-4B16-A0F2-5EBF32250F6B}.Debug.DLL|x86.Build.0 = Debug|Win32
		{AB0DD232-1AF9-4B16-A0F2-5EBF32250F6B}.Debug|x64.ActiveCfg = Debug|x64
		{AB0DD232-1AF9-4B16-A0F2-5EBF32250F6B}.Debug|x64.Build.0 = Debug|x64
		{AB0DD232-1AF9-4B16-A0F2-5EBF32250F6B}.Debug|x86.ActiveCfg = Debug|Win32
		{AB0DD232-1AF9-4B16-A0F2-5EBF32250F6B}.Debug|x86.Build.0 = Debug|Win32
		{AB0DD232-1AF9-4B16-A0F2-5EBF32250F6B}.Release.DLL|x64.ActiveCfg = Release|x64
		{AB0DD232-1AF9-4B16-A0F2-5EBF32250F6B}.Release.DLL|x64.Build.0 = Release|x64
		{AB0DD232-1AF9-4B16-A0F2-5EBF32250F6B}.Release.DLL|x86.ActiveCfg = Release|Win32
		{AB0DD232-1AF9-4B16-A0F2-5EBF32250F6B}.Release.DLL|x86.Build.0 = Release|Win32
		{AB0DD232-1AF9-4B16-A0F2-5EBF32250F6B}.Release|x64.ActiveCfg = Release|x64
		{AB0DD232-1AF9-4B16-A0F2-5EBF32250F6B}.Release|x64.Build.0 = Release|x64
		{AB0DD232-1AF9-4B16-A0F2-5EBF32250F6B}.Release|x86.ActiveCfg = Release|Win32
		{AB0DD232-1AF9-4B16-A0F2-5EBF32250F6B}.Release|x86.Build.0 = Release|Win32
		{BAAF0611-4BA9-4BDD-9D83-822F3B23ABA3}.Debug.DLL|x64.ActiveCfg = Debug|x64
		{BAAF0611-4BA9-4BDD-9D83-822F3B23ABA3}.Debug.DLL|x64.Build.0 = Debug|x64
		{BAAF0611-4BA9-4BDD-9D83-822F3B23ABA3}.Debug.DLL|x86.ActiveCfg = Debug|Win32
		{BAAF0611-4BA9-4BDD-9D83-822F3B23ABA3}.Debug.DLL|x86.Build.0 = Debug|Win32
		{BAAF0611-4BA9-4BDD-9D83-822F3B23ABA3}.Debug|x64.ActiveCfg = Debug|x64
		{BAAF0611-4BA9-4BDD-9D83-822F3B23ABA3}.Debug|x64.Build.0 = Debug|x64
		{BAAF0611-4BA9-4BDD-9D83-822F3B23ABA3}.Debug|x86.ActiveCfg = Debug|Win32
		{BAAF0611-4BA9-4BDD-9D83-822F3B23ABA3}.Debug|x86.Build.0 = Debug|Win32
		{BAAF0611-4BA9-4BDD-9D83-822F3B23ABA3}.Release.DLL|x64.ActiveCfg = Release|x64
		{BAAF0611-4BA9-4BDD-9D83-822F3B23ABA3}.Release.DLL|x64.Build.0 = Release|x64
		{BAAF0611-4BA9-4BDD-9D83-822F3B23ABA3}.Release.DLL|x86.ActiveCfg = Release|Win32
		{BAAF0611-4BA9-4BDD-9D83-822F3B23ABA3}.Release.DLL|x86.Build.0 = Release|Win32
		{BAAF0611-4BA9-4BDD-9D83-822F3B23ABA3}.Release|x64.ActiveCfg = Release|x64
		{BAAF0611-4BA9-4BDD-9D83-822F3B23ABA3}.Release|x64.Build.0 = Release|x64
		{BAAF0611-4BA9-4BDD-9D83-822F3B23ABA3}.Release|x86.ActiveCfg = Release|Win32
		{BAAF0611-4BA9-4BDD-9D83-822F3B23ABA3}.Release|x86.Build.0 = Release|Win32
		{6DE5E8C5-E477-4CEE-8824-73E3C3C483DE}.Debug.DLL|x64.ActiveCfg = Debug|x64
		{6DE5E8C5-E477-4CEE-8824-73E3C3C483DE}.Debug.DLL|x64.Build.0 = Debug|x64
		{6DE5E8C5-E477-4CEE-8824-73E3C3C483DE}.Debug.DLL|x86.ActiveCfg = Debug|Win32
		{6DE5E8C5-E477-4CEE-8824-73E3C3C483DE}.Debug.DLL|x86.Build.0 = Debug|Win32
		{6DE5E8C5-E477-4CEE-8824-73E3C3C483DE}.Debug|x64.ActiveCfg = Debug|x64
		{6DE5E8C5-E477-4CEE-8824-73E3C3C483DE}.Debug|x64.Build.0 = Debug|x64
		{6DE5E8C5-E477-4CEE-8824-73E3C3C483DE}.Debug|x86.ActiveCfg = Debug|Win32
		{6DE5E8C5-E477-4CEE-8824-73E3C3C483DE}.Debug|x86.Build.0 = Debug|Win32
		{6DE5E8C5-E477-4CEE-8824-73E3C3C483DE}.Release.DLL|x64.ActiveCfg = Release|x64
		{6DE5E8C5-E477-4CEE-8824-73E3C3C483DE}.Release.DLL|x64.Build.0 = Release|x64
		{6DE5E8C5-E477-4CEE-8824-73E3C3C483DE}.Release.DLL|x86.ActiveCfg = Release|Win32
		{6DE5E8C5-E477-4CEE-8824-73E3C3C483DE}.Release.DLL|x86.Build.0 = Release|Win32
		{6DE5E8C5-E477-4CEE-8824-73E3C3C483DE}.Release|x64.ActiveCfg = Release|x64
		{6DE5E8C5-E477-4CEE-8824-73E3C3C483DE}.Release|x64.Build.0 = Release|x64
		{6DE5E8C5-E477-4CEE-8824-73E3C3C483DE}.Release|x86.ActiveCfg = Release|Win32
		{6DE5E8C5-E477-4CEE-8824-73E3C3C483DE}.Release|x86.Build.0 = Release|Win32
	EndGlobalSection
	GlobalSection(SolutionProperties) = preSolution
		HideSolutionNode = FALSE
	EndGlobalSection
	GlobalSection(NestedProjects) = preSolution
		{48580411-0A48-46F9-87A6-CF5C9B81D146} = {6AE75FFE-B083-43E5-8854-8CC1204083F9}
		{15EA6761-E3C5-4035-97EE-4F74A5ACEE96} = {41BA16AA-C9BF-4C2D-A28B-F26AA7C86CE4}
		{1E2D4A61-74EA-46FB-896D-6926DBCA43D0} = {41BA16AA-C9BF-4C2D-A28B-F26AA7C86CE4}
		{2AE78477-4F9B-4709-BD24-80B382F0CF5C} = {41BA16AA-C9BF-4C2D-A28B-F26AA7C86CE4}
		{7443F37A-4DB6-48DA-8571-0C5B35916C5A} = {8323B4BC-11D2-452D-94FF-EC71F5076987}
		{E89D61AC-55DE-4482-AFD4-DF7242EBC859} = {6AE75FFE-B083-43E5-8854-8CC1204083F9}
		{B7832896-6893-4EDE-8EEE-4362CB488EE6} = {6AE75FFE-B083-43E5-8854-8CC1204083F9}
		{E6C55A0C-B5B7-4963-8F77-19F1624B9F47} = {6AE75FFE-B083-43E5-8854-8CC1204083F9}
		{860D46BC-EC6B-43C3-B335-3479F096FB1B} = {6AE75FFE-B083-43E5-8854-8CC1204083F9}
		{991EBC54-28FF-44A1-863E-E70617782825} = {6AE75FFE-B083-43E5-8854-8CC1204083F9}
		{E97A3E3D-01D5-4210-BCA0-A6D816624F1A} = {41BA16AA-C9BF-4C2D-A28B-F26AA7C86CE4}
		{1E78302D-CF63-4922-8113-DCCD24F94087} = {6AE75FFE-B083-43E5-8854-8CC1204083F9}
		{AA2BD0BE-D174-4F8F-A7F7-B924128FED00} = {41BA16AA-C9BF-4C2D-A28B-F26AA7C86CE4}
		{52496C82-2EDB-4649-8509-451891F6A3DE} = {6AE75FFE-B083-43E5-8854-8CC1204083F9}
		{87A3DC96-5B69-4594-A7F8-583B94676448} = {41BA16AA-C9BF-4C2D-A28B-F26AA7C86CE4}
		{FA856173-3823-4FFF-8207-32DB9C1711FA} = {41BA16AA-C9BF-4C2D-A28B-F26AA7C86CE4}
		{9CF1DC0D-A3C1-45C2-98EC-F4F30B6BB49D} = {41BA16AA-C9BF-4C2D-A28B-F26AA7C86CE4}
		{562B9EEF-2A2E-46E1-8A28-550C86CDF9F6} = {6AE75FFE-B083-43E5-8854-8CC1204083F9}
		{97D147F3-4DBC-45CD-87EB-6C90EB6EFE21} = {6AE75FFE-B083-43E5-8854-8CC1204083F9}
		{AD871809-7119-436F-A8AA-2EAF63B35A3C} = {6AE75FFE-B083-43E5-8854-8CC1204083F9}
		{1AA5B221-FF0B-43F4-87F0-4848320FF179} = {8323B4BC-11D2-452D-94FF-EC71F5076987}
		{E4BFD291-B8CF-4D71-9E86-658CD227428D} = {6AE75FFE-B083-43E5-8854-8CC1204083F9}
		{DCF29CD5-AFDE-4C7A-9BED-0679D09EAA9D} = {41BA16AA-C9BF-4C2D-A28B-F26AA7C86CE4}
		{76508AAD-7030-4FD2-9D05-99184AF2BAF5} = {6AE75FFE-B083-43E5-8854-8CC1204083F9}
		{C699BB79-8F3F-48A3-A06A-2D4E0EA73360} = {41BA16AA-C9BF-4C2D-A28B-F26AA7C86CE4}
		{3986E679-6E11-4B7A-A00D-9669DEDBBC1E} = {6AE75FFE-B083-43E5-8854-8CC1204083F9}
		{CBD64DDC-70CE-470B-B5ED-E12B59196EE7} = {6AE75FFE-B083-43E5-8854-8CC1204083F9}
		{AB0DD232-1AF9-4B16-A0F2-5EBF32250F6B} = {6AE75FFE-B083-43E5-8854-8CC1204083F9}
		{BAAF0611-4BA9-4BDD-9D83-822F3B23ABA3} = {41BA16AA-C9BF-4C2D-A28B-F26AA7C86CE4}
		{6DE5E8C5-E477-4CEE-8824-73E3C3C483DE} = {6AE75FFE-B083-43E5-8854-8CC1204083F9}
	EndGlobalSection
	GlobalSection(ExtensibilityGlobals) = postSolution
		SolutionGuid = {7D87CFC9-4DC1-4A1A-8393-07A69ACE9D37}
	EndGlobalSection
EndGlobal
